// !$*UTF8*$!
{
	archiveVersion = 1;
	classes = {
	};
	objectVersion = 46;
	objects = {

/* Begin PBXBuildFile section */
		1078E0E41D1F08EE00538049 /* TableViewController.swift in Sources */ = {isa = PBXBuildFile; fileRef = 1078E0E31D1F08EE00538049 /* TableViewController.swift */; };
		1078E0E61D1F090800538049 /* Downloader.swift in Sources */ = {isa = PBXBuildFile; fileRef = 1078E0E51D1F090800538049 /* Downloader.swift */; };
		108DAC751D1F249B00242A08 /* TableViewCell.swift in Sources */ = {isa = PBXBuildFile; fileRef = 108DAC741D1F249B00242A08 /* TableViewCell.swift */; };
		108DAC771D1F282C00242A08 /* BuildingTableViewController.swift in Sources */ = {isa = PBXBuildFile; fileRef = 108DAC761D1F282C00242A08 /* BuildingTableViewController.swift */; };
		108DAC791D1F28A400242A08 /* BuildingCell.swift in Sources */ = {isa = PBXBuildFile; fileRef = 108DAC781D1F28A400242A08 /* BuildingCell.swift */; };
		108DAC7B1D205CB800242A08 /* HeaderTableViewCell.swift in Sources */ = {isa = PBXBuildFile; fileRef = 108DAC7A1D205CB800242A08 /* HeaderTableViewCell.swift */; };
		108DAC7D1D20865A00242A08 /* TSView.swift in Sources */ = {isa = PBXBuildFile; fileRef = 108DAC7C1D20865A00242A08 /* TSView.swift */; };
		108DAC7F1D20884E00242A08 /* CollectionViewCell.swift in Sources */ = {isa = PBXBuildFile; fileRef = 108DAC7E1D20884E00242A08 /* CollectionViewCell.swift */; };
		108DAC811D20E19600242A08 /* TSButton.swift in Sources */ = {isa = PBXBuildFile; fileRef = 108DAC801D20E19600242A08 /* TSButton.swift */; };
		10BBE0871D1DC6EB000838D8 /* AppDelegate.swift in Sources */ = {isa = PBXBuildFile; fileRef = 10BBE0861D1DC6EB000838D8 /* AppDelegate.swift */; };
		10BBE08C1D1DC6EB000838D8 /* Main.storyboard in Resources */ = {isa = PBXBuildFile; fileRef = 10BBE08A1D1DC6EB000838D8 /* Main.storyboard */; };
		10BBE08E1D1DC6EB000838D8 /* Assets.xcassets in Resources */ = {isa = PBXBuildFile; fileRef = 10BBE08D1D1DC6EB000838D8 /* Assets.xcassets */; };
		10BBE0911D1DC6EB000838D8 /* LaunchScreen.storyboard in Resources */ = {isa = PBXBuildFile; fileRef = 10BBE08F1D1DC6EB000838D8 /* LaunchScreen.storyboard */; };
		10E1102A1D21D57200C19201 /* CourtKeyTableViewController.swift in Sources */ = {isa = PBXBuildFile; fileRef = 10E110291D21D57200C19201 /* CourtKeyTableViewController.swift */; };
		10E110321D21DB1900C19201 /* CourtKeyTableViewCell.swift in Sources */ = {isa = PBXBuildFile; fileRef = 10E110311D21DB1900C19201 /* CourtKeyTableViewCell.swift */; };
		1F33F9FC7F5E2595B4246CAD /* Pods_RPAC.framework in Frameworks */ = {isa = PBXBuildFile; fileRef = 31D262B43DEF7DAECBDB1DCD /* Pods_RPAC.framework */; };
/* End PBXBuildFile section */

/* Begin PBXFileReference section */
		102012241D3A8F3F0055841B /* Constants.h */ = {isa = PBXFileReference; lastKnownFileType = sourcecode.c.h; path = Constants.h; sourceTree = "<group>"; };
		1078E0E31D1F08EE00538049 /* TableViewController.swift */ = {isa = PBXFileReference; fileEncoding = 4; lastKnownFileType = sourcecode.swift; path = TableViewController.swift; sourceTree = "<group>"; };
		1078E0E51D1F090800538049 /* Downloader.swift */ = {isa = PBXFileReference; fileEncoding = 4; lastKnownFileType = sourcecode.swift; path = Downloader.swift; sourceTree = "<group>"; };
		108DAC741D1F249B00242A08 /* TableViewCell.swift */ = {isa = PBXFileReference; fileEncoding = 4; lastKnownFileType = sourcecode.swift; path = TableViewCell.swift; sourceTree = "<group>"; };
		108DAC761D1F282C00242A08 /* BuildingTableViewController.swift */ = {isa = PBXFileReference; fileEncoding = 4; lastKnownFileType = sourcecode.swift; path = BuildingTableViewController.swift; sourceTree = "<group>"; };
		108DAC781D1F28A400242A08 /* BuildingCell.swift */ = {isa = PBXFileReference; fileEncoding = 4; lastKnownFileType = sourcecode.swift; path = BuildingCell.swift; sourceTree = "<group>"; };
		108DAC7A1D205CB800242A08 /* HeaderTableViewCell.swift */ = {isa = PBXFileReference; fileEncoding = 4; lastKnownFileType = sourcecode.swift; path = HeaderTableViewCell.swift; sourceTree = "<group>"; };
		108DAC7C1D20865A00242A08 /* TSView.swift */ = {isa = PBXFileReference; fileEncoding = 4; lastKnownFileType = sourcecode.swift; path = TSView.swift; sourceTree = "<group>"; };
		108DAC7E1D20884E00242A08 /* CollectionViewCell.swift */ = {isa = PBXFileReference; fileEncoding = 4; lastKnownFileType = sourcecode.swift; path = CollectionViewCell.swift; sourceTree = "<group>"; };
		108DAC801D20E19600242A08 /* TSButton.swift */ = {isa = PBXFileReference; fileEncoding = 4; lastKnownFileType = sourcecode.swift; path = TSButton.swift; sourceTree = "<group>"; };
		10BBE0831D1DC6EB000838D8 /* RPAC.app */ = {isa = PBXFileReference; explicitFileType = wrapper.application; includeInIndex = 0; path = RPAC.app; sourceTree = BUILT_PRODUCTS_DIR; };
		10BBE0861D1DC6EB000838D8 /* AppDelegate.swift */ = {isa = PBXFileReference; lastKnownFileType = sourcecode.swift; path = AppDelegate.swift; sourceTree = "<group>"; };
		10BBE08B1D1DC6EB000838D8 /* Base */ = {isa = PBXFileReference; lastKnownFileType = file.storyboard; name = Base; path = Base.lproj/Main.storyboard; sourceTree = "<group>"; };
		10BBE08D1D1DC6EB000838D8 /* Assets.xcassets */ = {isa = PBXFileReference; lastKnownFileType = folder.assetcatalog; path = Assets.xcassets; sourceTree = "<group>"; };
		10BBE0901D1DC6EB000838D8 /* Base */ = {isa = PBXFileReference; lastKnownFileType = file.storyboard; name = Base; path = Base.lproj/LaunchScreen.storyboard; sourceTree = "<group>"; };
		10BBE0921D1DC6EB000838D8 /* Info.plist */ = {isa = PBXFileReference; lastKnownFileType = text.plist.xml; path = Info.plist; sourceTree = "<group>"; };
		10E110291D21D57200C19201 /* CourtKeyTableViewController.swift */ = {isa = PBXFileReference; fileEncoding = 4; lastKnownFileType = sourcecode.swift; path = CourtKeyTableViewController.swift; sourceTree = "<group>"; };
		10E110311D21DB1900C19201 /* CourtKeyTableViewCell.swift */ = {isa = PBXFileReference; fileEncoding = 4; lastKnownFileType = sourcecode.swift; path = CourtKeyTableViewCell.swift; sourceTree = "<group>"; };
		10E110351D24C5A600C19201 /* RPAC-Bridging-Header.h */ = {isa = PBXFileReference; lastKnownFileType = sourcecode.c.h; path = "RPAC-Bridging-Header.h"; sourceTree = "<group>"; };
		31D262B43DEF7DAECBDB1DCD /* Pods_RPAC.framework */ = {isa = PBXFileReference; explicitFileType = wrapper.framework; includeInIndex = 0; path = Pods_RPAC.framework; sourceTree = BUILT_PRODUCTS_DIR; };
		608F2DEB1037E2F8317EDE4E /* Pods-RPAC.release.xcconfig */ = {isa = PBXFileReference; includeInIndex = 1; lastKnownFileType = text.xcconfig; name = "Pods-RPAC.release.xcconfig"; path = "Pods/Target Support Files/Pods-RPAC/Pods-RPAC.release.xcconfig"; sourceTree = "<group>"; };
		F41665AC432C41F3C25D4F53 /* Pods-RPAC.debug.xcconfig */ = {isa = PBXFileReference; includeInIndex = 1; lastKnownFileType = text.xcconfig; name = "Pods-RPAC.debug.xcconfig"; path = "Pods/Target Support Files/Pods-RPAC/Pods-RPAC.debug.xcconfig"; sourceTree = "<group>"; };
/* End PBXFileReference section */

/* Begin PBXFrameworksBuildPhase section */
		10BBE0801D1DC6EB000838D8 /* Frameworks */ = {
			isa = PBXFrameworksBuildPhase;
			buildActionMask = 2147483647;
			files = (
				1F33F9FC7F5E2595B4246CAD /* Pods_RPAC.framework in Frameworks */,
			);
			runOnlyForDeploymentPostprocessing = 0;
		};
/* End PBXFrameworksBuildPhase section */

/* Begin PBXGroup section */
		10BBE07A1D1DC6EB000838D8 = {
			isa = PBXGroup;
			children = (
				10BBE0851D1DC6EB000838D8 /* RPAC */,
				10BBE0841D1DC6EB000838D8 /* Products */,
				F4B937A32A93F58EDCB449B2 /* Pods */,
				4D571CDA3FC01AF27F92BABE /* Frameworks */,
			);
			sourceTree = "<group>";
		};
		10BBE0841D1DC6EB000838D8 /* Products */ = {
			isa = PBXGroup;
			children = (
				10BBE0831D1DC6EB000838D8 /* RPAC.app */,
			);
			name = Products;
			sourceTree = "<group>";
		};
		10BBE0851D1DC6EB000838D8 /* RPAC */ = {
			isa = PBXGroup;
			children = (
				10BBE0861D1DC6EB000838D8 /* AppDelegate.swift */,
				10BBE08A1D1DC6EB000838D8 /* Main.storyboard */,
				10BBE08D1D1DC6EB000838D8 /* Assets.xcassets */,
				10BBE08F1D1DC6EB000838D8 /* LaunchScreen.storyboard */,
				10BBE0921D1DC6EB000838D8 /* Info.plist */,
				10E1102D1D21D58D00C19201 /* Controllers */,
				10E1102E1D21D59B00C19201 /* CustomViews */,
				1078E0E51D1F090800538049 /* Downloader.swift */,
				10E110351D24C5A600C19201 /* RPAC-Bridging-Header.h */,
				102012241D3A8F3F0055841B /* Constants.h */,
			);
			path = RPAC;
			sourceTree = "<group>";
		};
		10E1102D1D21D58D00C19201 /* Controllers */ = {
			isa = PBXGroup;
			children = (
				1078E0E31D1F08EE00538049 /* TableViewController.swift */,
				108DAC761D1F282C00242A08 /* BuildingTableViewController.swift */,
				10E110291D21D57200C19201 /* CourtKeyTableViewController.swift */,
			);
			name = Controllers;
			sourceTree = "<group>";
		};
		10E1102E1D21D59B00C19201 /* CustomViews */ = {
			isa = PBXGroup;
			children = (
				108DAC741D1F249B00242A08 /* TableViewCell.swift */,
				108DAC781D1F28A400242A08 /* BuildingCell.swift */,
				108DAC7A1D205CB800242A08 /* HeaderTableViewCell.swift */,
				108DAC7C1D20865A00242A08 /* TSView.swift */,
				108DAC7E1D20884E00242A08 /* CollectionViewCell.swift */,
				108DAC801D20E19600242A08 /* TSButton.swift */,
				10E110311D21DB1900C19201 /* CourtKeyTableViewCell.swift */,
			);
			name = CustomViews;
			sourceTree = "<group>";
		};
		4D571CDA3FC01AF27F92BABE /* Frameworks */ = {
			isa = PBXGroup;
			children = (
				31D262B43DEF7DAECBDB1DCD /* Pods_RPAC.framework */,
			);
			name = Frameworks;
			sourceTree = "<group>";
		};
		F4B937A32A93F58EDCB449B2 /* Pods */ = {
			isa = PBXGroup;
			children = (
				F41665AC432C41F3C25D4F53 /* Pods-RPAC.debug.xcconfig */,
				608F2DEB1037E2F8317EDE4E /* Pods-RPAC.release.xcconfig */,
			);
			name = Pods;
			sourceTree = "<group>";
		};
/* End PBXGroup section */

/* Begin PBXNativeTarget section */
		10BBE0821D1DC6EB000838D8 /* RPAC */ = {
			isa = PBXNativeTarget;
			buildConfigurationList = 10BBE0951D1DC6EB000838D8 /* Build configuration list for PBXNativeTarget "RPAC" */;
			buildPhases = (
				EEEC29DF8B81B4268C49AF2B /* [CP] Check Pods Manifest.lock */,
				10BBE07F1D1DC6EB000838D8 /* Sources */,
				10BBE0801D1DC6EB000838D8 /* Frameworks */,
				10BBE0811D1DC6EB000838D8 /* Resources */,
				BD49DB41E535F8A3118AC1D0 /* [CP] Embed Pods Frameworks */,
				F00F364A57086A4CF1E5F37A /* [CP] Copy Pods Resources */,
			);
			buildRules = (
			);
			dependencies = (
			);
			name = RPAC;
			productName = RPAC;
			productReference = 10BBE0831D1DC6EB000838D8 /* RPAC.app */;
			productType = "com.apple.product-type.application";
		};
/* End PBXNativeTarget section */

/* Begin PBXProject section */
		10BBE07B1D1DC6EB000838D8 /* Project object */ = {
			isa = PBXProject;
			attributes = {
				LastSwiftUpdateCheck = 0730;
				LastUpgradeCheck = 0730;
				ORGANIZATIONNAME = "Ty Schultz";
				TargetAttributes = {
					10BBE0821D1DC6EB000838D8 = {
						CreatedOnToolsVersion = 7.3.1;
						DevelopmentTeam = 6B6QHT3AN6;
					};
				};
			};
			buildConfigurationList = 10BBE07E1D1DC6EB000838D8 /* Build configuration list for PBXProject "RPAC" */;
			compatibilityVersion = "Xcode 3.2";
			developmentRegion = English;
			hasScannedForEncodings = 0;
			knownRegions = (
				en,
				Base,
			);
			mainGroup = 10BBE07A1D1DC6EB000838D8;
			productRefGroup = 10BBE0841D1DC6EB000838D8 /* Products */;
			projectDirPath = "";
			projectRoot = "";
			targets = (
				10BBE0821D1DC6EB000838D8 /* RPAC */,
			);
		};
/* End PBXProject section */

/* Begin PBXResourcesBuildPhase section */
		10BBE0811D1DC6EB000838D8 /* Resources */ = {
			isa = PBXResourcesBuildPhase;
			buildActionMask = 2147483647;
			files = (
				10BBE0911D1DC6EB000838D8 /* LaunchScreen.storyboard in Resources */,
				10BBE08E1D1DC6EB000838D8 /* Assets.xcassets in Resources */,
				10BBE08C1D1DC6EB000838D8 /* Main.storyboard in Resources */,
			);
			runOnlyForDeploymentPostprocessing = 0;
		};
/* End PBXResourcesBuildPhase section */

/* Begin PBXShellScriptBuildPhase section */
		BD49DB41E535F8A3118AC1D0 /* [CP] Embed Pods Frameworks */ = {
			isa = PBXShellScriptBuildPhase;
			buildActionMask = 2147483647;
			files = (
			);
			inputPaths = (
			);
			name = "[CP] Embed Pods Frameworks";
			outputPaths = (
			);
			runOnlyForDeploymentPostprocessing = 0;
			shellPath = /bin/sh;
			shellScript = "\"${SRCROOT}/Pods/Target Support Files/Pods-RPAC/Pods-RPAC-frameworks.sh\"\n";
			showEnvVarsInLog = 0;
		};
		EEEC29DF8B81B4268C49AF2B /* [CP] Check Pods Manifest.lock */ = {
			isa = PBXShellScriptBuildPhase;
			buildActionMask = 2147483647;
			files = (
			);
			inputPaths = (
			);
			name = "[CP] Check Pods Manifest.lock";
			outputPaths = (
			);
			runOnlyForDeploymentPostprocessing = 0;
			shellPath = /bin/sh;
			shellScript = "diff \"${PODS_ROOT}/../Podfile.lock\" \"${PODS_ROOT}/Manifest.lock\" > /dev/null\nif [[ $? != 0 ]] ; then\n    cat << EOM\nerror: The sandbox is not in sync with the Podfile.lock. Run 'pod install' or update your CocoaPods installation.\nEOM\n    exit 1\nfi\n";
			showEnvVarsInLog = 0;
		};
		F00F364A57086A4CF1E5F37A /* [CP] Copy Pods Resources */ = {
			isa = PBXShellScriptBuildPhase;
			buildActionMask = 2147483647;
			files = (
			);
			inputPaths = (
			);
			name = "[CP] Copy Pods Resources";
			outputPaths = (
			);
			runOnlyForDeploymentPostprocessing = 0;
			shellPath = /bin/sh;
			shellScript = "\"${SRCROOT}/Pods/Target Support Files/Pods-RPAC/Pods-RPAC-resources.sh\"\n";
			showEnvVarsInLog = 0;
		};
/* End PBXShellScriptBuildPhase section */

/* Begin PBXSourcesBuildPhase section */
		10BBE07F1D1DC6EB000838D8 /* Sources */ = {
			isa = PBXSourcesBuildPhase;
			buildActionMask = 2147483647;
			files = (
				10E110321D21DB1900C19201 /* CourtKeyTableViewCell.swift in Sources */,
				1078E0E41D1F08EE00538049 /* TableViewController.swift in Sources */,
				108DAC7D1D20865A00242A08 /* TSView.swift in Sources */,
				108DAC7F1D20884E00242A08 /* CollectionViewCell.swift in Sources */,
				108DAC751D1F249B00242A08 /* TableViewCell.swift in Sources */,
				108DAC771D1F282C00242A08 /* BuildingTableViewController.swift in Sources */,
				108DAC7B1D205CB800242A08 /* HeaderTableViewCell.swift in Sources */,
				108DAC811D20E19600242A08 /* TSButton.swift in Sources */,
				10E1102A1D21D57200C19201 /* CourtKeyTableViewController.swift in Sources */,
				108DAC791D1F28A400242A08 /* BuildingCell.swift in Sources */,
				1078E0E61D1F090800538049 /* Downloader.swift in Sources */,
				10BBE0871D1DC6EB000838D8 /* AppDelegate.swift in Sources */,
			);
			runOnlyForDeploymentPostprocessing = 0;
		};
/* End PBXSourcesBuildPhase section */

/* Begin PBXVariantGroup section */
		10BBE08A1D1DC6EB000838D8 /* Main.storyboard */ = {
			isa = PBXVariantGroup;
			children = (
				10BBE08B1D1DC6EB000838D8 /* Base */,
			);
			name = Main.storyboard;
			sourceTree = "<group>";
		};
		10BBE08F1D1DC6EB000838D8 /* LaunchScreen.storyboard */ = {
			isa = PBXVariantGroup;
			children = (
				10BBE0901D1DC6EB000838D8 /* Base */,
			);
			name = LaunchScreen.storyboard;
			sourceTree = "<group>";
		};
/* End PBXVariantGroup section */

/* Begin XCBuildConfiguration section */
		10BBE0931D1DC6EB000838D8 /* Debug */ = {
			isa = XCBuildConfiguration;
			buildSettings = {
				ALWAYS_SEARCH_USER_PATHS = NO;
				CLANG_ANALYZER_NONNULL = YES;
				CLANG_CXX_LANGUAGE_STANDARD = "gnu++0x";
				CLANG_CXX_LIBRARY = "libc++";
				CLANG_ENABLE_MODULES = YES;
				CLANG_ENABLE_OBJC_ARC = YES;
				CLANG_WARN_BOOL_CONVERSION = YES;
				CLANG_WARN_CONSTANT_CONVERSION = YES;
				CLANG_WARN_DIRECT_OBJC_ISA_USAGE = YES_ERROR;
				CLANG_WARN_EMPTY_BODY = YES;
				CLANG_WARN_ENUM_CONVERSION = YES;
				CLANG_WARN_INT_CONVERSION = YES;
				CLANG_WARN_OBJC_ROOT_CLASS = YES_ERROR;
				CLANG_WARN_UNREACHABLE_CODE = YES;
				CLANG_WARN__DUPLICATE_METHOD_MATCH = YES;
				"CODE_SIGN_IDENTITY[sdk=iphoneos*]" = "iPhone Developer";
				COPY_PHASE_STRIP = NO;
				DEBUG_INFORMATION_FORMAT = dwarf;
				ENABLE_STRICT_OBJC_MSGSEND = YES;
				ENABLE_TESTABILITY = YES;
				GCC_C_LANGUAGE_STANDARD = gnu99;
				GCC_DYNAMIC_NO_PIC = NO;
				GCC_NO_COMMON_BLOCKS = YES;
				GCC_OPTIMIZATION_LEVEL = 0;
				GCC_PREPROCESSOR_DEFINITIONS = (
					"DEBUG=1",
					"$(inherited)",
				);
				GCC_WARN_64_TO_32_BIT_CONVERSION = YES;
				GCC_WARN_ABOUT_RETURN_TYPE = YES_ERROR;
				GCC_WARN_UNDECLARED_SELECTOR = YES;
				GCC_WARN_UNINITIALIZED_AUTOS = YES_AGGRESSIVE;
				GCC_WARN_UNUSED_FUNCTION = YES;
				GCC_WARN_UNUSED_VARIABLE = YES;
				IPHONEOS_DEPLOYMENT_TARGET = 9.3;
				MTL_ENABLE_DEBUG_INFO = YES;
				ONLY_ACTIVE_ARCH = YES;
				SDKROOT = iphoneos;
				SWIFT_OPTIMIZATION_LEVEL = "-Onone";
			};
			name = Debug;
		};
		10BBE0941D1DC6EB000838D8 /* Release */ = {
			isa = XCBuildConfiguration;
			buildSettings = {
				ALWAYS_SEARCH_USER_PATHS = NO;
				CLANG_ANALYZER_NONNULL = YES;
				CLANG_CXX_LANGUAGE_STANDARD = "gnu++0x";
				CLANG_CXX_LIBRARY = "libc++";
				CLANG_ENABLE_MODULES = YES;
				CLANG_ENABLE_OBJC_ARC = YES;
				CLANG_WARN_BOOL_CONVERSION = YES;
				CLANG_WARN_CONSTANT_CONVERSION = YES;
				CLANG_WARN_DIRECT_OBJC_ISA_USAGE = YES_ERROR;
				CLANG_WARN_EMPTY_BODY = YES;
				CLANG_WARN_ENUM_CONVERSION = YES;
				CLANG_WARN_INT_CONVERSION = YES;
				CLANG_WARN_OBJC_ROOT_CLASS = YES_ERROR;
				CLANG_WARN_UNREACHABLE_CODE = YES;
				CLANG_WARN__DUPLICATE_METHOD_MATCH = YES;
				"CODE_SIGN_IDENTITY[sdk=iphoneos*]" = "iPhone Developer";
				COPY_PHASE_STRIP = NO;
				DEBUG_INFORMATION_FORMAT = "dwarf-with-dsym";
				ENABLE_NS_ASSERTIONS = NO;
				ENABLE_STRICT_OBJC_MSGSEND = YES;
				GCC_C_LANGUAGE_STANDARD = gnu99;
				GCC_NO_COMMON_BLOCKS = YES;
				GCC_WARN_64_TO_32_BIT_CONVERSION = YES;
				GCC_WARN_ABOUT_RETURN_TYPE = YES_ERROR;
				GCC_WARN_UNDECLARED_SELECTOR = YES;
				GCC_WARN_UNINITIALIZED_AUTOS = YES_AGGRESSIVE;
				GCC_WARN_UNUSED_FUNCTION = YES;
				GCC_WARN_UNUSED_VARIABLE = YES;
				IPHONEOS_DEPLOYMENT_TARGET = 9.3;
				MTL_ENABLE_DEBUG_INFO = NO;
				SDKROOT = iphoneos;
				VALIDATE_PRODUCT = YES;
			};
			name = Release;
		};
		10BBE0961D1DC6EB000838D8 /* Debug */ = {
			isa = XCBuildConfiguration;
			baseConfigurationReference = F41665AC432C41F3C25D4F53 /* Pods-RPAC.debug.xcconfig */;
			buildSettings = {
				ASSETCATALOG_COMPILER_APPICON_NAME = AppIcon;
				CLANG_ENABLE_MODULES = YES;
				CODE_SIGN_IDENTITY = "iPhone Distribution: Tyler Schultz (6B6QHT3AN6)";
				INFOPLIST_FILE = RPAC/Info.plist;
				IPHONEOS_DEPLOYMENT_TARGET = 9.0;
				LD_RUNPATH_SEARCH_PATHS = "$(inherited) @executable_path/Frameworks";
				PRODUCT_BUNDLE_IDENTIFIER = com.tyschultz.RPAC;
				PRODUCT_NAME = "$(TARGET_NAME)";
				SWIFT_OBJC_BRIDGING_HEADER = "RPAC/RPAC-Bridging-Header.h";
				SWIFT_OPTIMIZATION_LEVEL = "-Onone";
				TARGETED_DEVICE_FAMILY = 1;
			};
			name = Debug;
		};
		10BBE0971D1DC6EB000838D8 /* Release */ = {
			isa = XCBuildConfiguration;
			baseConfigurationReference = 608F2DEB1037E2F8317EDE4E /* Pods-RPAC.release.xcconfig */;
			buildSettings = {
				ASSETCATALOG_COMPILER_APPICON_NAME = AppIcon;
				CLANG_ENABLE_MODULES = YES;
				CODE_SIGN_IDENTITY = "iPhone Distribution: Tyler Schultz (6B6QHT3AN6)";
				INFOPLIST_FILE = RPAC/Info.plist;
				IPHONEOS_DEPLOYMENT_TARGET = 9.0;
				LD_RUNPATH_SEARCH_PATHS = "$(inherited) @executable_path/Frameworks";
				PRODUCT_BUNDLE_IDENTIFIER = com.tyschultz.RPAC;
				PRODUCT_NAME = "$(TARGET_NAME)";
				SWIFT_OBJC_BRIDGING_HEADER = "RPAC/RPAC-Bridging-Header.h";
				TARGETED_DEVICE_FAMILY = 1;
			};
			name = Release;
		};
/* End XCBuildConfiguration section */

/* Begin XCConfigurationList section */
		10BBE07E1D1DC6EB000838D8 /* Build configuration list for PBXProject "RPAC" */ = {
			isa = XCConfigurationList;
			buildConfigurations = (
				10BBE0931D1DC6EB000838D8 /* Debug */,
				10BBE0941D1DC6EB000838D8 /* Release */,
			);
			defaultConfigurationIsVisible = 0;
			defaultConfigurationName = Release;
		};
		10BBE0951D1DC6EB000838D8 /* Build configuration list for PBXNativeTarget "RPAC" */ = {
			isa = XCConfigurationList;
			buildConfigurations = (
				10BBE0961D1DC6EB000838D8 /* Debug */,
				10BBE0971D1DC6EB000838D8 /* Release */,
			);
			defaultConfigurationIsVisible = 0;
			defaultConfigurationName = Release;
		};
/* End XCConfigurationList section */
	};
	rootObject = 10BBE07B1D1DC6EB000838D8 /* Project object */;
}
